
Microsoft Visual Studio Solution File, Format Version 12.00
# Visual Studio Version 17
VisualStudioVersion = 17.0.31903.59
MinimumVisualStudioVersion = 10.0.40219.1
Project("{2150E333-8FDC-42A3-9474-1A3956D46DE8}") = "src", "src", "{17DC028E-E83D-47A9-8BB9-4D456BCF6671}"
EndProject
Project("{2150E333-8FDC-42A3-9474-1A3956D46DE8}") = "services", "services", "{5DA3EC91-F7C1-4456-BDD7-17FFF8B00FE5}"
EndProject
Project("{2150E333-8FDC-42A3-9474-1A3956D46DE8}") = "Catalog", "Catalog", "{DB720961-0DF5-42A6-B47C-E08DD2988D84}"
EndProject
Project("{FAE04EC0-301F-11D3-BF4B-00C04F79EFBC}") = "Catalog.Domain", "src\services\Catalog\Catalog.Domain\Catalog.Domain.csproj", "{3D02CAF5-6ABB-408A-90E1-7DAE99AFDFAC}"
EndProject
Project("{FAE04EC0-301F-11D3-BF4B-00C04F79EFBC}") = "Catalog.Application", "src\services\Catalog\Catalog.Application\Catalog.Application.csproj", "{3B2B54CF-FF0F-4E7B-A068-36FDE9E9CA36}"
EndProject
Project("{FAE04EC0-301F-11D3-BF4B-00C04F79EFBC}") = "Catalog.Infrastructure", "src\services\Catalog\Catalog.Infrastructure\Catalog.Infrastructure.csproj", "{0952C384-1B34-4ED2-93E8-A68ED325D386}"
EndProject
Project("{FAE04EC0-301F-11D3-BF4B-00C04F79EFBC}") = "Catalog.API", "src\services\Catalog\Catalog.API\Catalog.API.csproj", "{CE55B55B-6C09-4586-8292-B93A04FFA5C4}"
EndProject
Project("{2150E333-8FDC-42A3-9474-1A3956D46DE8}") = "Inventory", "Inventory", "{717714C2-B13D-43FE-BCAB-48A4C603E84C}"
EndProject
Project("{FAE04EC0-301F-11D3-BF4B-00C04F79EFBC}") = "Inventory.Domain", "src\services\Inventory\Inventory.Domain\Inventory.Domain.csproj", "{B2AA4F1C-6AE8-4618-9AF9-1965B11A7812}"
EndProject
Project("{FAE04EC0-301F-11D3-BF4B-00C04F79EFBC}") = "Inventory.Application", "src\services\Inventory\Inventory.Application\Inventory.Application.csproj", "{78DED31D-D1D8-4FA8-8E60-A812F6361066}"
EndProject
Project("{FAE04EC0-301F-11D3-BF4B-00C04F79EFBC}") = "Inventory.Infrastructure", "src\services\Inventory\Inventory.Infrastructure\Inventory.Infrastructure.csproj", "{3EF40005-8511-469E-92A3-205855383DF4}"
EndProject
Project("{FAE04EC0-301F-11D3-BF4B-00C04F79EFBC}") = "Inventory.API", "src\services\Inventory\Inventory.API\Inventory.API.csproj", "{AA7F5052-6ACF-4379-8F2E-842FA38510F7}"
EndProject
Project("{2150E333-8FDC-42A3-9474-1A3956D46DE8}") = "Identity", "Identity", "{66AC9F5A-73DB-4FF8-AD67-CB7F9A443FFC}"
EndProject
Project("{FAE04EC0-301F-11D3-BF4B-00C04F79EFBC}") = "Identity.Domain", "src\services\Identity\Identity.Domain\Identity.Domain.csproj", "{39E134F9-41FC-4198-9A51-B5033D1B6FC8}"
EndProject
Project("{FAE04EC0-301F-11D3-BF4B-00C04F79EFBC}") = "Identity.Application", "src\services\Identity\Identity.Application\Identity.Application.csproj", "{000573C3-AEB8-42F1-8110-69E98BB8CB68}"
EndProject
Project("{FAE04EC0-301F-11D3-BF4B-00C04F79EFBC}") = "Identity.Infrastructure", "src\services\Identity\Identity.Infrastructure\Identity.Infrastructure.csproj", "{9C727ECA-B432-436A-B617-299D35ABCC8E}"
EndProject
Project("{FAE04EC0-301F-11D3-BF4B-00C04F79EFBC}") = "Identity.API", "src\services\Identity\Identity.API\Identity.API.csproj", "{81F14FCA-2F77-48D7-9C92-AD318EEFDF2D}"
EndProject
Project("{2150E333-8FDC-42A3-9474-1A3956D46DE8}") = "ApiGateway", "ApiGateway", "{81290486-177A-4398-8E36-48A7F2CC461D}"
EndProject
Project("{FAE04EC0-301F-11D3-BF4B-00C04F79EFBC}") = "ApiGateway", "src\ApiGateway\ApiGateway\ApiGateway.csproj", "{8E671F1D-11F6-4C5A-816D-4B045D1A5DF1}"
EndProject
Global
	GlobalSection(SolutionConfigurationPlatforms) = preSolution
		Debug|Any CPU = Debug|Any CPU
		Release|Any CPU = Release|Any CPU
	EndGlobalSection
	GlobalSection(SolutionProperties) = preSolution
		HideSolutionNode = FALSE
	EndGlobalSection
	GlobalSection(ProjectConfigurationPlatforms) = postSolution
		{3D02CAF5-6ABB-408A-90E1-7DAE99AFDFAC}.Debug|Any CPU.ActiveCfg = Debug|Any CPU
		{3D02CAF5-6ABB-408A-90E1-7DAE99AFDFAC}.Debug|Any CPU.Build.0 = Debug|Any CPU
		{3D02CAF5-6ABB-408A-90E1-7DAE99AFDFAC}.Release|Any CPU.ActiveCfg = Release|Any CPU
		{3D02CAF5-6ABB-408A-90E1-7DAE99AFDFAC}.Release|Any CPU.Build.0 = Release|Any CPU
		{3B2B54CF-FF0F-4E7B-A068-36FDE9E9CA36}.Debug|Any CPU.ActiveCfg = Debug|Any CPU
		{3B2B54CF-FF0F-4E7B-A068-36FDE9E9CA36}.Debug|Any CPU.Build.0 = Debug|Any CPU
		{3B2B54CF-FF0F-4E7B-A068-36FDE9E9CA36}.Release|Any CPU.ActiveCfg = Release|Any CPU
		{3B2B54CF-FF0F-4E7B-A068-36FDE9E9CA36}.Release|Any CPU.Build.0 = Release|Any CPU
		{0952C384-1B34-4ED2-93E8-A68ED325D386}.Debug|Any CPU.ActiveCfg = Debug|Any CPU
		{0952C384-1B34-4ED2-93E8-A68ED325D386}.Debug|Any CPU.Build.0 = Debug|Any CPU
		{0952C384-1B34-4ED2-93E8-A68ED325D386}.Release|Any CPU.ActiveCfg = Release|Any CPU
		{0952C384-1B34-4ED2-93E8-A68ED325D386}.Release|Any CPU.Build.0 = Release|Any CPU
		{CE55B55B-6C09-4586-8292-B93A04FFA5C4}.Debug|Any CPU.ActiveCfg = Debug|Any CPU
		{CE55B55B-6C09-4586-8292-B93A04FFA5C4}.Debug|Any CPU.Build.0 = Debug|Any CPU
		{CE55B55B-6C09-4586-8292-B93A04FFA5C4}.Release|Any CPU.ActiveCfg = Release|Any CPU
		{CE55B55B-6C09-4586-8292-B93A04FFA5C4}.Release|Any CPU.Build.0 = Release|Any CPU
		{B2AA4F1C-6AE8-4618-9AF9-1965B11A7812}.Debug|Any CPU.ActiveCfg = Debug|Any CPU
		{B2AA4F1C-6AE8-4618-9AF9-1965B11A7812}.Debug|Any CPU.Build.0 = Debug|Any CPU
		{B2AA4F1C-6AE8-4618-9AF9-1965B11A7812}.Release|Any CPU.ActiveCfg = Release|Any CPU
		{B2AA4F1C-6AE8-4618-9AF9-1965B11A7812}.Release|Any CPU.Build.0 = Release|Any CPU
		{78DED31D-D1D8-4FA8-8E60-A812F6361066}.Debug|Any CPU.ActiveCfg = Debug|Any CPU
		{78DED31D-D1D8-4FA8-8E60-A812F6361066}.Debug|Any CPU.Build.0 = Debug|Any CPU
		{78DED31D-D1D8-4FA8-8E60-A812F6361066}.Release|Any CPU.ActiveCfg = Release|Any CPU
		{78DED31D-D1D8-4FA8-8E60-A812F6361066}.Release|Any CPU.Build.0 = Release|Any CPU
		{3EF40005-8511-469E-92A3-205855383DF4}.Debug|Any CPU.ActiveCfg = Debug|Any CPU
		{3EF40005-8511-469E-92A3-205855383DF4}.Debug|Any CPU.Build.0 = Debug|Any CPU
		{3EF40005-8511-469E-92A3-205855383DF4}.Release|Any CPU.ActiveCfg = Release|Any CPU
		{3EF40005-8511-469E-92A3-205855383DF4}.Release|Any CPU.Build.0 = Release|Any CPU
		{AA7F5052-6ACF-4379-8F2E-842FA38510F7}.Debug|Any CPU.ActiveCfg = Debug|Any CPU
		{AA7F5052-6ACF-4379-8F2E-842FA38510F7}.Debug|Any CPU.Build.0 = Debug|Any CPU
		{AA7F5052-6ACF-4379-8F2E-842FA38510F7}.Release|Any CPU.ActiveCfg = Release|Any CPU
		{AA7F5052-6ACF-4379-8F2E-842FA38510F7}.Release|Any CPU.Build.0 = Release|Any CPU
		{39E134F9-41FC-4198-9A51-B5033D1B6FC8}.Debug|Any CPU.ActiveCfg = Debug|Any CPU
		{39E134F9-41FC-4198-9A51-B5033D1B6FC8}.Debug|Any CPU.Build.0 = Debug|Any CPU
		{39E134F9-41FC-4198-9A51-B5033D1B6FC8}.Release|Any CPU.ActiveCfg = Release|Any CPU
		{39E134F9-41FC-4198-9A51-B5033D1B6FC8}.Release|Any CPU.Build.0 = Release|Any CPU
		{000573C3-AEB8-42F1-8110-69E98BB8CB68}.Debug|Any CPU.ActiveCfg = Debug|Any CPU
		{000573C3-AEB8-42F1-8110-69E98BB8CB68}.Debug|Any CPU.Build.0 = Debug|Any CPU
		{000573C3-AEB8-42F1-8110-69E98BB8CB68}.Release|Any CPU.ActiveCfg = Release|Any CPU
		{000573C3-AEB8-42F1-8110-69E98BB8CB68}.Release|Any CPU.Build.0 = Release|Any CPU
		{9C727ECA-B432-436A-B617-299D35ABCC8E}.Debug|Any CPU.ActiveCfg = Debug|Any CPU
		{9C727ECA-B432-436A-B617-299D35ABCC8E}.Debug|Any CPU.Build.0 = Debug|Any CPU
		{9C727ECA-B432-436A-B617-299D35ABCC8E}.Release|Any CPU.ActiveCfg = Release|Any CPU
		{9C727ECA-B432-436A-B617-299D35ABCC8E}.Release|Any CPU.Build.0 = Release|Any CPU
		{81F14FCA-2F77-48D7-9C92-AD318EEFDF2D}.Debug|Any CPU.ActiveCfg = Debug|Any CPU
		{81F14FCA-2F77-48D7-9C92-AD318EEFDF2D}.Debug|Any CPU.Build.0 = Debug|Any CPU
		{81F14FCA-2F77-48D7-9C92-AD318EEFDF2D}.Release|Any CPU.ActiveCfg = Release|Any CPU
		{81F14FCA-2F77-48D7-9C92-AD318EEFDF2D}.Release|Any CPU.Build.0 = Release|Any CPU
		{8E671F1D-11F6-4C5A-816D-4B045D1A5DF1}.Debug|Any CPU.ActiveCfg = Debug|Any CPU
		{8E671F1D-11F6-4C5A-816D-4B045D1A5DF1}.Debug|Any CPU.Build.0 = Debug|Any CPU
		{8E671F1D-11F6-4C5A-816D-4B045D1A5DF1}.Release|Any CPU.ActiveCfg = Release|Any CPU
		{8E671F1D-11F6-4C5A-816D-4B045D1A5DF1}.Release|Any CPU.Build.0 = Release|Any CPU
	EndGlobalSection
	GlobalSection(NestedProjects) = preSolution
		{5DA3EC91-F7C1-4456-BDD7-17FFF8B00FE5} = {17DC028E-E83D-47A9-8BB9-4D456BCF6671}
		{DB720961-0DF5-42A6-B47C-E08DD2988D84} = {5DA3EC91-F7C1-4456-BDD7-17FFF8B00FE5}
		{3D02CAF5-6ABB-408A-90E1-7DAE99AFDFAC} = {DB720961-0DF5-42A6-B47C-E08DD2988D84}
		{3B2B54CF-FF0F-4E7B-A068-36FDE9E9CA36} = {DB720961-0DF5-42A6-B47C-E08DD2988D84}
		{0952C384-1B34-4ED2-93E8-A68ED325D386} = {DB720961-0DF5-42A6-B47C-E08DD2988D84}
		{CE55B55B-6C09-4586-8292-B93A04FFA5C4} = {DB720961-0DF5-42A6-B47C-E08DD2988D84}
		{717714C2-B13D-43FE-BCAB-48A4C603E84C} = {5DA3EC91-F7C1-4456-BDD7-17FFF8B00FE5}
		{B2AA4F1C-6AE8-4618-9AF9-1965B11A7812} = {717714C2-B13D-43FE-BCAB-48A4C603E84C}
		{78DED31D-D1D8-4FA8-8E60-A812F6361066} = {717714C2-B13D-43FE-BCAB-48A4C603E84C}
		{3EF40005-8511-469E-92A3-205855383DF4} = {717714C2-B13D-43FE-BCAB-48A4C603E84C}
		{AA7F5052-6ACF-4379-8F2E-842FA38510F7} = {717714C2-B13D-43FE-BCAB-48A4C603E84C}
		{66AC9F5A-73DB-4FF8-AD67-CB7F9A443FFC} = {5DA3EC91-F7C1-4456-BDD7-17FFF8B00FE5}
		{39E134F9-41FC-4198-9A51-B5033D1B6FC8} = {66AC9F5A-73DB-4FF8-AD67-CB7F9A443FFC}
		{000573C3-AEB8-42F1-8110-69E98BB8CB68} = {66AC9F5A-73DB-4FF8-AD67-CB7F9A443FFC}
		{9C727ECA-B432-436A-B617-299D35ABCC8E} = {66AC9F5A-73DB-4FF8-AD67-CB7F9A443FFC}
		{81F14FCA-2F77-48D7-9C92-AD318EEFDF2D} = {66AC9F5A-73DB-4FF8-AD67-CB7F9A443FFC}
		{81290486-177A-4398-8E36-48A7F2CC461D} = {17DC028E-E83D-47A9-8BB9-4D456BCF6671}
		{8E671F1D-11F6-4C5A-816D-4B045D1A5DF1} = {81290486-177A-4398-8E36-48A7F2CC461D}
	EndGlobalSection
EndGlobal
