
Microsoft Visual Studio Solution File, Format Version 12.00
# Visual Studio Version 17
VisualStudioVersion = 17.0.31903.59
MinimumVisualStudioVersion = 10.0.40219.1
Project("{2150E333-8FDC-42A3-9474-1A3956D46DE8}") = "src", "src", "{17DC028E-E83D-47A9-8BB9-4D456BCF6671}"
EndProject
Project("{2150E333-8FDC-42A3-9474-1A3956D46DE8}") = "services", "services", "{5DA3EC91-F7C1-4456-BDD7-17FFF8B00FE5}"
EndProject
Project("{2150E333-8FDC-42A3-9474-1A3956D46DE8}") = "Catalog", "Catalog", "{DB720961-0DF5-42A6-B47C-E08DD2988D84}"
EndProject
Project("{FAE04EC0-301F-11D3-BF4B-00C04F79EFBC}") = "Catalog.Domain", "src\services\Catalog\Catalog.Domain\Catalog.Domain.csproj", "{3D02CAF5-6ABB-408A-90E1-7DAE99AFDFAC}"
EndProject
Project("{FAE04EC0-301F-11D3-BF4B-00C04F79EFBC}") = "Catalog.Application", "src\services\Catalog\Catalog.Application\Catalog.Application.csproj", "{3B2B54CF-FF0F-4E7B-A068-36FDE9E9CA36}"
EndProject
Project("{FAE04EC0-301F-11D3-BF4B-00C04F79EFBC}") = "Catalog.Infrastructure", "src\services\Catalog\Catalog.Infrastructure\Catalog.Infrastructure.csproj", "{0952C384-1B34-4ED2-93E8-A68ED325D386}"
EndProject
Project("{FAE04EC0-301F-11D3-BF4B-00C04F79EFBC}") = "Catalog.API", "src\services\Catalog\Catalog.API\Catalog.API.csproj", "{CE55B55B-6C09-4586-8292-B93A04FFA5C4}"
EndProject
Project("{2150E333-8FDC-42A3-9474-1A3956D46DE8}") = "Inventory", "Inventory", "{717714C2-B13D-43FE-BCAB-48A4C603E84C}"
EndProject
Project("{FAE04EC0-301F-11D3-BF4B-00C04F79EFBC}") = "Inventory.Domain", "src\services\Inventory\Inventory.Domain\Inventory.Domain.csproj", "{B2AA4F1C-6AE8-4618-9AF9-1965B11A7812}"
EndProject
Project("{FAE04EC0-301F-11D3-BF4B-00C04F79EFBC}") = "Inventory.Application", "src\services\Inventory\Inventory.Application\Inventory.Application.csproj", "{78DED31D-D1D8-4FA8-8E60-A812F6361066}"
EndProject
Project("{FAE04EC0-301F-11D3-BF4B-00C04F79EFBC}") = "Inventory.Infrastructure", "src\services\Inventory\Inventory.Infrastructure\Inventory.Infrastructure.csproj", "{3EF40005-8511-469E-92A3-205855383DF4}"
EndProject
Project("{FAE04EC0-301F-11D3-BF4B-00C04F79EFBC}") = "Inventory.API", "src\services\Inventory\Inventory.API\Inventory.API.csproj", "{AA7F5052-6ACF-4379-8F2E-842FA38510F7}"
EndProject
Global
	GlobalSection(SolutionConfigurationPlatforms) = preSolution
		Debug|Any CPU = Debug|Any CPU
		Release|Any CPU = Release|Any CPU
	EndGlobalSection
	GlobalSection(SolutionProperties) = preSolution
		HideSolutionNode = FALSE
	EndGlobalSection
	GlobalSection(ProjectConfigurationPlatforms) = postSolution
		{3D02CAF5-6ABB-408A-90E1-7DAE99AFDFAC}.Debug|Any CPU.ActiveCfg = Debug|Any CPU
		{3D02CAF5-6ABB-408A-90E1-7DAE99AFDFAC}.Debug|Any CPU.Build.0 = Debug|Any CPU
		{3D02CAF5-6ABB-408A-90E1-7DAE99AFDFAC}.Release|Any CPU.ActiveCfg = Release|Any CPU
		{3D02CAF5-6ABB-408A-90E1-7DAE99AFDFAC}.Release|Any CPU.Build.0 = Release|Any CPU
		{3B2B54CF-FF0F-4E7B-A068-36FDE9E9CA36}.Debug|Any CPU.ActiveCfg = Debug|Any CPU
		{3B2B54CF-FF0F-4E7B-A068-36FDE9E9CA36}.Debug|Any CPU.Build.0 = Debug|Any CPU
		{3B2B54CF-FF0F-4E7B-A068-36FDE9E9CA36}.Release|Any CPU.ActiveCfg = Release|Any CPU
		{3B2B54CF-FF0F-4E7B-A068-36FDE9E9CA36}.Release|Any CPU.Build.0 = Release|Any CPU
		{0952C384-1B34-4ED2-93E8-A68ED325D386}.Debug|Any CPU.ActiveCfg = Debug|Any CPU
		{0952C384-1B34-4ED2-93E8-A68ED325D386}.Debug|Any CPU.Build.0 = Debug|Any CPU
		{0952C384-1B34-4ED2-93E8-A68ED325D386}.Release|Any CPU.ActiveCfg = Release|Any CPU
		{0952C384-1B34-4ED2-93E8-A68ED325D386}.Release|Any CPU.Build.0 = Release|Any CPU
		{CE55B55B-6C09-4586-8292-B93A04FFA5C4}.Debug|Any CPU.ActiveCfg = Debug|Any CPU
		{CE55B55B-6C09-4586-8292-B93A04FFA5C4}.Debug|Any CPU.Build.0 = Debug|Any CPU
		{CE55B55B-6C09-4586-8292-B93A04FFA5C4}.Release|Any CPU.ActiveCfg = Release|Any CPU
		{CE55B55B-6C09-4586-8292-B93A04FFA5C4}.Release|Any CPU.Build.0 = Release|Any CPU
		{B2AA4F1C-6AE8-4618-9AF9-1965B11A7812}.Debug|Any CPU.ActiveCfg = Debug|Any CPU
		{B2AA4F1C-6AE8-4618-9AF9-1965B11A7812}.Debug|Any CPU.Build.0 = Debug|Any CPU
		{B2AA4F1C-6AE8-4618-9AF9-1965B11A7812}.Release|Any CPU.ActiveCfg = Release|Any CPU
		{B2AA4F1C-6AE8-4618-9AF9-1965B11A7812}.Release|Any CPU.Build.0 = Release|Any CPU
		{78DED31D-D1D8-4FA8-8E60-A812F6361066}.Debug|Any CPU.ActiveCfg = Debug|Any CPU
		{78DED31D-D1D8-4FA8-8E60-A812F6361066}.Debug|Any CPU.Build.0 = Debug|Any CPU
		{78DED31D-D1D8-4FA8-8E60-A812F6361066}.Release|Any CPU.ActiveCfg = Release|Any CPU
		{78DED31D-D1D8-4FA8-8E60-A812F6361066}.Release|Any CPU.Build.0 = Release|Any CPU
		{3EF40005-8511-469E-92A3-205855383DF4}.Debug|Any CPU.ActiveCfg = Debug|Any CPU
		{3EF40005-8511-469E-92A3-205855383DF4}.Debug|Any CPU.Build.0 = Debug|Any CPU
		{3EF40005-8511-469E-92A3-205855383DF4}.Release|Any CPU.ActiveCfg = Release|Any CPU
		{3EF40005-8511-469E-92A3-205855383DF4}.Release|Any CPU.Build.0 = Release|Any CPU
		{AA7F5052-6ACF-4379-8F2E-842FA38510F7}.Debug|Any CPU.ActiveCfg = Debug|Any CPU
		{AA7F5052-6ACF-4379-8F2E-842FA38510F7}.Debug|Any CPU.Build.0 = Debug|Any CPU
		{AA7F5052-6ACF-4379-8F2E-842FA38510F7}.Release|Any CPU.ActiveCfg = Release|Any CPU
		{AA7F5052-6ACF-4379-8F2E-842FA38510F7}.Release|Any CPU.Build.0 = Release|Any CPU
	EndGlobalSection
	GlobalSection(NestedProjects) = preSolution
		{5DA3EC91-F7C1-4456-BDD7-17FFF8B00FE5} = {17DC028E-E83D-47A9-8BB9-4D456BCF6671}
		{DB720961-0DF5-42A6-B47C-E08DD2988D84} = {5DA3EC91-F7C1-4456-BDD7-17FFF8B00FE5}
		{3D02CAF5-6ABB-408A-90E1-7DAE99AFDFAC} = {DB720961-0DF5-42A6-B47C-E08DD2988D84}
		{3B2B54CF-FF0F-4E7B-A068-36FDE9E9CA36} = {DB720961-0DF5-42A6-B47C-E08DD2988D84}
		{0952C384-1B34-4ED2-93E8-A68ED325D386} = {DB720961-0DF5-42A6-B47C-E08DD2988D84}
		{CE55B55B-6C09-4586-8292-B93A04FFA5C4} = {DB720961-0DF5-42A6-B47C-E08DD2988D84}
		{717714C2-B13D-43FE-BCAB-48A4C603E84C} = {5DA3EC91-F7C1-4456-BDD7-17FFF8B00FE5}
		{B2AA4F1C-6AE8-4618-9AF9-1965B11A7812} = {717714C2-B13D-43FE-BCAB-48A4C603E84C}
		{78DED31D-D1D8-4FA8-8E60-A812F6361066} = {717714C2-B13D-43FE-BCAB-48A4C603E84C}
		{3EF40005-8511-469E-92A3-205855383DF4} = {717714C2-B13D-43FE-BCAB-48A4C603E84C}
		{AA7F5052-6ACF-4379-8F2E-842FA38510F7} = {717714C2-B13D-43FE-BCAB-48A4C603E84C}
	EndGlobalSection
EndGlobal
